Microsoft Visual Studio Solution File, Format Version 12.00
# Visual Studio Version 18
VisualStudioVersion = 18.4.11506.43
MinimumVisualStudioVersion = 10.0.40219.1
Project("{FAE04EC0-301F-11D3-BF4B-00C04F79EFBC}") = "AgenticBlazorApp", "AgenticBlazorApp\AgenticBlazorApp.csproj", "{11111111-1111-1111-1111-111111111111}"
EndProject
Project("{FAE04EC0-301F-11D3-BF4B-00C04F79EFBC}") = "BbcNewsPlugin", "BbcNewsPlugin\BbcNewsPlugin.csproj", "{22222222-2222-2222-2222-222222222222}"
EndProject
Project("{FAE04EC0-301F-11D3-BF4B-00C04F79EFBC}") = "BrowserPlugin", "BrowserPlugin\BrowserPlugin.csproj", "{33333333-3333-3333-3333-333333333333}"
EndProject
Project("{FAE04EC0-301F-11D3-BF4B-00C04F79EFBC}") = "MailPlugin", "MailPlugin\MailPlugin.csproj", "{44444444-4444-4444-4444-444444444444}"
EndProject
Project("{FAE04EC0-301F-11D3-BF4B-00C04F79EFBC}") = "SerpApiPlugin", "SerpApiPlugin\SerpApiPlugin.csproj", "{ECCAB17E-439A-4BD6-AF7E-19ABA3FCB361}"
EndProject
Project("{FAE04EC0-301F-11D3-BF4B-00C04F79EFBC}") = "CurrencyPlugin", "CurrencyPlugin\CurrencyPlugin.csproj", "{BF200F2B-09B0-402B-9D88-C2B62BE79096}"
EndProject
Project("{FAE04EC0-301F-11D3-BF4B-00C04F79EFBC}") = "CepPlugin", "CepPlugin\CepPlugin.csproj", "{3839FDE1-9724-40F6-9603-9ED82DCCFC4B}"
EndProject
Project("{FAE04EC0-301F-11D3-BF4B-00C04F79EFBC}") = "FileSystemPlugin", "FileSystemPlugin\FileSystemPlugin.csproj", "{1E0B37C5-8676-49C8-ABA0-3E4BB2C2699D}"
EndProject
Global
	GlobalSection(SolutionConfigurationPlatforms) = preSolution
		Debug|Any CPU = Debug|Any CPU
		Release|Any CPU = Release|Any CPU
	EndGlobalSection
	GlobalSection(ProjectConfigurationPlatforms) = postSolution
		{11111111-1111-1111-1111-111111111111}.Debug|Any CPU.ActiveCfg = Debug|Any CPU
		{11111111-1111-1111-1111-111111111111}.Debug|Any CPU.Build.0 = Debug|Any CPU
		{11111111-1111-1111-1111-111111111111}.Release|Any CPU.ActiveCfg = Release|Any CPU
		{11111111-1111-1111-1111-111111111111}.Release|Any CPU.Build.0 = Release|Any CPU
		{22222222-2222-2222-2222-222222222222}.Debug|Any CPU.ActiveCfg = Debug|Any CPU
		{22222222-2222-2222-2222-222222222222}.Debug|Any CPU.Build.0 = Debug|Any CPU
		{22222222-2222-2222-2222-222222222222}.Release|Any CPU.ActiveCfg = Release|Any CPU
		{22222222-2222-2222-2222-222222222222}.Release|Any CPU.Build.0 = Release|Any CPU
		{33333333-3333-3333-3333-333333333333}.Debug|Any CPU.ActiveCfg = Debug|Any CPU
		{33333333-3333-3333-3333-333333333333}.Debug|Any CPU.Build.0 = Debug|Any CPU
		{33333333-3333-3333-3333-333333333333}.Release|Any CPU.ActiveCfg = Release|Any CPU
		{33333333-3333-3333-3333-333333333333}.Release|Any CPU.Build.0 = Release|Any CPU
		{44444444-4444-4444-4444-444444444444}.Debug|Any CPU.ActiveCfg = Debug|Any CPU
		{44444444-4444-4444-4444-444444444444}.Debug|Any CPU.Build.0 = Debug|Any CPU
		{44444444-4444-4444-4444-444444444444}.Release|Any CPU.ActiveCfg = Release|Any CPU
		{44444444-4444-4444-4444-444444444444}.Release|Any CPU.Build.0 = Release|Any CPU
		{ECCAB17E-439A-4BD6-AF7E-19ABA3FCB361}.Debug|Any CPU.ActiveCfg = Debug|Any CPU
		{ECCAB17E-439A-4BD6-AF7E-19ABA3FCB361}.Debug|Any CPU.Build.0 = Debug|Any CPU
		{ECCAB17E-439A-4BD6-AF7E-19ABA3FCB361}.Release|Any CPU.ActiveCfg = Release|Any CPU
		{ECCAB17E-439A-4BD6-AF7E-19ABA3FCB361}.Release|Any CPU.Build.0 = Release|Any CPU
		{BF200F2B-09B0-402B-9D88-C2B62BE79096}.Debug|Any CPU.ActiveCfg = Debug|Any CPU
		{BF200F2B-09B0-402B-9D88-C2B62BE79096}.Debug|Any CPU.Build.0 = Debug|Any CPU
		{BF200F2B-09B0-402B-9D88-C2B62BE79096}.Release|Any CPU.ActiveCfg = Release|Any CPU
		{BF200F2B-09B0-402B-9D88-C2B62BE79096}.Release|Any CPU.Build.0 = Release|Any CPU
		{3839FDE1-9724-40F6-9603-9ED82DCCFC4B}.Debug|Any CPU.ActiveCfg = Debug|Any CPU
		{3839FDE1-9724-40F6-9603-9ED82DCCFC4B}.Debug|Any CPU.Build.0 = Debug|Any CPU
		{3839FDE1-9724-40F6-9603-9ED82DCCFC4B}.Release|Any CPU.ActiveCfg = Release|Any CPU
		{3839FDE1-9724-40F6-9603-9ED82DCCFC4B}.Release|Any CPU.Build.0 = Release|Any CPU
		{1E0B37C5-8676-49C8-ABA0-3E4BB2C2699D}.Debug|Any CPU.ActiveCfg = Debug|Any CPU
		{1E0B37C5-8676-49C8-ABA0-3E4BB2C2699D}.Debug|Any CPU.Build.0 = Debug|Any CPU
		{1E0B37C5-8676-49C8-ABA0-3E4BB2C2699D}.Release|Any CPU.ActiveCfg = Release|Any CPU
		{1E0B37C5-8676-49C8-ABA0-3E4BB2C2699D}.Release|Any CPU.Build.0 = Release|Any CPU
	EndGlobalSection
	GlobalSection(SolutionProperties) = preSolution
		HideSolutionNode = FALSE
	EndGlobalSection
	GlobalSection(ExtensibilityGlobals) = postSolution
		SolutionGuid = {67D68533-5994-4792-938C-5C1F32ED0182}
	EndGlobalSection
EndGlobal
